// !$*UTF8*$!
{
	archiveVersion = 1;
	classes = {
	};
	objectVersion = 50;
	objects = {

/* Begin PBXBuildFile section */
		775CFD48264AE6B20054BEEB /* HeaderReusableView.swift in Sources */ = {isa = PBXBuildFile; fileRef = 775CFD47264AE6B20054BEEB /* HeaderReusableView.swift */; };
		776915D62646883F00F68A44 /* history.json in Resources */ = {isa = PBXBuildFile; fileRef = 776915D52646883F00F68A44 /* history.json */; };
		776915D926468ABC00F68A44 /* History.swift in Sources */ = {isa = PBXBuildFile; fileRef = 776915D826468ABC00F68A44 /* History.swift */; };
		776915DB26468DC500F68A44 /* TransactionCell.swift in Sources */ = {isa = PBXBuildFile; fileRef = 776915DA26468DC500F68A44 /* TransactionCell.swift */; };
		776915DE2646BFB300F68A44 /* SenderCell.xib in Resources */ = {isa = PBXBuildFile; fileRef = 776915DD2646BFB300F68A44 /* SenderCell.xib */; };
		776915E02646CA8000F68A44 /* ReceiverCell.xib in Resources */ = {isa = PBXBuildFile; fileRef = 776915DF2646CA8000F68A44 /* ReceiverCell.xib */; };
		776915E22646E47800F68A44 /* Utilities.swift in Sources */ = {isa = PBXBuildFile; fileRef = 776915E12646E47800F68A44 /* Utilities.swift */; };
		77EB992B2646772600BEE3C8 /* AppDelegate.swift in Sources */ = {isa = PBXBuildFile; fileRef = 77EB992A2646772600BEE3C8 /* AppDelegate.swift */; };
		77EB992D2646772600BEE3C8 /* SceneDelegate.swift in Sources */ = {isa = PBXBuildFile; fileRef = 77EB992C2646772600BEE3C8 /* SceneDelegate.swift */; };
		77EB992F2646772600BEE3C8 /* PaymentHistoryVC.swift in Sources */ = {isa = PBXBuildFile; fileRef = 77EB992E2646772600BEE3C8 /* PaymentHistoryVC.swift */; };
		77EB99322646772600BEE3C8 /* Main.storyboard in Resources */ = {isa = PBXBuildFile; fileRef = 77EB99302646772600BEE3C8 /* Main.storyboard */; };
		77EB99342646772A00BEE3C8 /* Assets.xcassets in Resources */ = {isa = PBXBuildFile; fileRef = 77EB99332646772A00BEE3C8 /* Assets.xcassets */; };
		77EB99372646772A00BEE3C8 /* LaunchScreen.storyboard in Resources */ = {isa = PBXBuildFile; fileRef = 77EB99352646772A00BEE3C8 /* LaunchScreen.storyboard */; };
		77EB9940264681F200BEE3C8 /* ImprovedView.swift in Sources */ = {isa = PBXBuildFile; fileRef = 77EB993F264681F200BEE3C8 /* ImprovedView.swift */; };
/* End PBXBuildFile section */

/* Begin PBXFileReference section */
		775CFD47264AE6B20054BEEB /* HeaderReusableView.swift */ = {isa = PBXFileReference; lastKnownFileType = sourcecode.swift; path = HeaderReusableView.swift; sourceTree = "<group>"; };
		776915D52646883F00F68A44 /* history.json */ = {isa = PBXFileReference; lastKnownFileType = text.json; path = history.json; sourceTree = "<group>"; };
		776915D826468ABC00F68A44 /* History.swift */ = {isa = PBXFileReference; lastKnownFileType = sourcecode.swift; path = History.swift; sourceTree = "<group>"; };
		776915DA26468DC500F68A44 /* TransactionCell.swift */ = {isa = PBXFileReference; lastKnownFileType = sourcecode.swift; path = TransactionCell.swift; sourceTree = "<group>"; };
		776915DD2646BFB300F68A44 /* SenderCell.xib */ = {isa = PBXFileReference; lastKnownFileType = file.xib; path = SenderCell.xib; sourceTree = "<group>"; };
		776915DF2646CA8000F68A44 /* ReceiverCell.xib */ = {isa = PBXFileReference; lastKnownFileType = file.xib; path = ReceiverCell.xib; sourceTree = "<group>"; };
		776915E12646E47800F68A44 /* Utilities.swift */ = {isa = PBXFileReference; lastKnownFileType = sourcecode.swift; path = Utilities.swift; sourceTree = "<group>"; };
		77EB99272646772600BEE3C8 /* PaymentHistoryUI.app */ = {isa = PBXFileReference; explicitFileType = wrapper.application; includeInIndex = 0; path = PaymentHistoryUI.app; sourceTree = BUILT_PRODUCTS_DIR; };
		77EB992A2646772600BEE3C8 /* AppDelegate.swift */ = {isa = PBXFileReference; lastKnownFileType = sourcecode.swift; path = AppDelegate.swift; sourceTree = "<group>"; };
		77EB992C2646772600BEE3C8 /* SceneDelegate.swift */ = {isa = PBXFileReference; lastKnownFileType = sourcecode.swift; path = SceneDelegate.swift; sourceTree = "<group>"; };
		77EB992E2646772600BEE3C8 /* PaymentHistoryVC.swift */ = {isa = PBXFileReference; lastKnownFileType = sourcecode.swift; path = PaymentHistoryVC.swift; sourceTree = "<group>"; };
		77EB99312646772600BEE3C8 /* Base */ = {isa = PBXFileReference; lastKnownFileType = file.storyboard; name = Base; path = Base.lproj/Main.storyboard; sourceTree = "<group>"; };
		77EB99332646772A00BEE3C8 /* Assets.xcassets */ = {isa = PBXFileReference; lastKnownFileType = folder.assetcatalog; path = Assets.xcassets; sourceTree = "<group>"; };
		77EB99362646772A00BEE3C8 /* Base */ = {isa = PBXFileReference; lastKnownFileType = file.storyboard; name = Base; path = Base.lproj/LaunchScreen.storyboard; sourceTree = "<group>"; };
		77EB99382646772A00BEE3C8 /* Info.plist */ = {isa = PBXFileReference; lastKnownFileType = text.plist.xml; path = Info.plist; sourceTree = "<group>"; };
		77EB993F264681F200BEE3C8 /* ImprovedView.swift */ = {isa = PBXFileReference; lastKnownFileType = sourcecode.swift; path = ImprovedView.swift; sourceTree = "<group>"; };
/* End PBXFileReference section */

/* Begin PBXFrameworksBuildPhase section */
		77EB99242646772600BEE3C8 /* Frameworks */ = {
			isa = PBXFrameworksBuildPhase;
			buildActionMask = 2147483647;
			files = (
			);
			runOnlyForDeploymentPostprocessing = 0;
		};
/* End PBXFrameworksBuildPhase section */

/* Begin PBXGroup section */
		776915D726468AA200F68A44 /* Model */ = {
			isa = PBXGroup;
			children = (
				776915D826468ABC00F68A44 /* History.swift */,
			);
			path = Model;
			sourceTree = "<group>";
		};
		776915DC26468DCD00F68A44 /* View */ = {
			isa = PBXGroup;
			children = (
				77EB992E2646772600BEE3C8 /* PaymentHistoryVC.swift */,
				776915DA26468DC500F68A44 /* TransactionCell.swift */,
				776915DF2646CA8000F68A44 /* ReceiverCell.xib */,
				776915DD2646BFB300F68A44 /* SenderCell.xib */,
				775CFD47264AE6B20054BEEB /* HeaderReusableView.swift */,
			);
			path = View;
			sourceTree = "<group>";
		};
		77EB991E2646772600BEE3C8 = {
			isa = PBXGroup;
			children = (
				77EB99292646772600BEE3C8 /* PaymentHistoryUI */,
				77EB99282646772600BEE3C8 /* Products */,
			);
			sourceTree = "<group>";
		};
		77EB99282646772600BEE3C8 /* Products */ = {
			isa = PBXGroup;
			children = (
				77EB99272646772600BEE3C8 /* PaymentHistoryUI.app */,
			);
			name = Products;
			sourceTree = "<group>";
		};
		77EB99292646772600BEE3C8 /* PaymentHistoryUI */ = {
			isa = PBXGroup;
			children = (
				77EB992A2646772600BEE3C8 /* AppDelegate.swift */,
				77EB993E2646819E00BEE3C8 /* Utils */,
				77EB992C2646772600BEE3C8 /* SceneDelegate.swift */,
				776915D726468AA200F68A44 /* Model */,
				776915DC26468DCD00F68A44 /* View */,
				77EB99302646772600BEE3C8 /* Main.storyboard */,
				77EB99332646772A00BEE3C8 /* Assets.xcassets */,
				77EB99352646772A00BEE3C8 /* LaunchScreen.storyboard */,
				77EB99382646772A00BEE3C8 /* Info.plist */,
			);
			path = PaymentHistoryUI;
			sourceTree = "<group>";
		};
		77EB993E2646819E00BEE3C8 /* Utils */ = {
			isa = PBXGroup;
			children = (
				77EB993F264681F200BEE3C8 /* ImprovedView.swift */,
				776915D52646883F00F68A44 /* history.json */,
				776915E12646E47800F68A44 /* Utilities.swift */,
			);
			path = Utils;
			sourceTree = "<group>";
		};
/* End PBXGroup section */

/* Begin PBXNativeTarget section */
		77EB99262646772600BEE3C8 /* PaymentHistoryUI */ = {
			isa = PBXNativeTarget;
			buildConfigurationList = 77EB993B2646772A00BEE3C8 /* Build configuration list for PBXNativeTarget "PaymentHistoryUI" */;
			buildPhases = (
				77EB99232646772600BEE3C8 /* Sources */,
				77EB99242646772600BEE3C8 /* Frameworks */,
				77EB99252646772600BEE3C8 /* Resources */,
			);
			buildRules = (
			);
			dependencies = (
			);
			name = PaymentHistoryUI;
			productName = PaymentHistoryUI;
			productReference = 77EB99272646772600BEE3C8 /* PaymentHistoryUI.app */;
			productType = "com.apple.product-type.application";
		};
/* End PBXNativeTarget section */

/* Begin PBXProject section */
		77EB991F2646772600BEE3C8 /* Project object */ = {
			isa = PBXProject;
			attributes = {
				LastSwiftUpdateCheck = 1250;
				LastUpgradeCheck = 1250;
				TargetAttributes = {
					77EB99262646772600BEE3C8 = {
						CreatedOnToolsVersion = 12.5;
					};
				};
			};
			buildConfigurationList = 77EB99222646772600BEE3C8 /* Build configuration list for PBXProject "PaymentHistoryUI" */;
			compatibilityVersion = "Xcode 9.3";
			developmentRegion = en;
			hasScannedForEncodings = 0;
			knownRegions = (
				en,
				Base,
			);
			mainGroup = 77EB991E2646772600BEE3C8;
			productRefGroup = 77EB99282646772600BEE3C8 /* Products */;
			projectDirPath = "";
			projectRoot = "";
			targets = (
				77EB99262646772600BEE3C8 /* PaymentHistoryUI */,
			);
		};
/* End PBXProject section */

/* Begin PBXResourcesBuildPhase section */
		77EB99252646772600BEE3C8 /* Resources */ = {
			isa = PBXResourcesBuildPhase;
			buildActionMask = 2147483647;
			files = (
				77EB99372646772A00BEE3C8 /* LaunchScreen.storyboard in Resources */,
				77EB99342646772A00BEE3C8 /* Assets.xcassets in Resources */,
				776915E02646CA8000F68A44 /* ReceiverCell.xib in Resources */,
				776915D62646883F00F68A44 /* history.json in Resources */,
				77EB99322646772600BEE3C8 /* Main.storyboard in Resources */,
				776915DE2646BFB300F68A44 /* SenderCell.xib in Resources */,
			);
			runOnlyForDeploymentPostprocessing = 0;
		};
/* End PBXResourcesBuildPhase section */

/* Begin PBXSourcesBuildPhase section */
		77EB99232646772600BEE3C8 /* Sources */ = {
			isa = PBXSourcesBuildPhase;
			buildActionMask = 2147483647;
			files = (
				77EB992F2646772600BEE3C8 /* PaymentHistoryVC.swift in Sources */,
				77EB992B2646772600BEE3C8 /* AppDelegate.swift in Sources */,
				775CFD48264AE6B20054BEEB /* HeaderReusableView.swift in Sources */,
				776915E22646E47800F68A44 /* Utilities.swift in Sources */,
				776915DB26468DC500F68A44 /* TransactionCell.swift in Sources */,
				77EB9940264681F200BEE3C8 /* ImprovedView.swift in Sources */,
				77EB992D2646772600BEE3C8 /* SceneDelegate.swift in Sources */,
				776915D926468ABC00F68A44 /* History.swift in Sources */,
			);
			runOnlyForDeploymentPostprocessing = 0;
		};
/* End PBXSourcesBuildPhase section */

/* Begin PBXVariantGroup section */
		77EB99302646772600BEE3C8 /* Main.storyboard */ = {
			isa = PBXVariantGroup;
			children = (
				77EB99312646772600BEE3C8 /* Base */,
			);
			name = Main.storyboard;
			sourceTree = "<group>";
		};
		77EB99352646772A00BEE3C8 /* LaunchScreen.storyboard */ = {
			isa = PBXVariantGroup;
			children = (
				77EB99362646772A00BEE3C8 /* Base */,
			);
			name = LaunchScreen.storyboard;
			sourceTree = "<group>";
		};
/* End PBXVariantGroup section */

/* Begin XCBuildConfiguration section */
		77EB99392646772A00BEE3C8 /* Debug */ = {
			isa = XCBuildConfiguration;
			buildSettings = {
				ALWAYS_SEARCH_USER_PATHS = NO;
				CLANG_ANALYZER_NONNULL = YES;
				CLANG_ANALYZER_NUMBER_OBJECT_CONVERSION = YES_AGGRESSIVE;
				CLANG_CXX_LANGUAGE_STANDARD = "gnu++14";
				CLANG_CXX_LIBRARY = "libc++";
				CLANG_ENABLE_MODULES = YES;
				CLANG_ENABLE_OBJC_ARC = YES;
				CLANG_ENABLE_OBJC_WEAK = YES;
				CLANG_WARN_BLOCK_CAPTURE_AUTORELEASING = YES;
				CLANG_WARN_BOOL_CONVERSION = YES;
				CLANG_WARN_COMMA = YES;
				CLANG_WARN_CONSTANT_CONVERSION = YES;
				CLANG_WARN_DEPRECATED_OBJC_IMPLEMENTATIONS = YES;
				CLANG_WARN_DIRECT_OBJC_ISA_USAGE = YES_ERROR;
				CLANG_WARN_DOCUMENTATION_COMMENTS = YES;
				CLANG_WARN_EMPTY_BODY = YES;
				CLANG_WARN_ENUM_CONVERSION = YES;
				CLANG_WARN_INFINITE_RECURSION = YES;
				CLANG_WARN_INT_CONVERSION = YES;
				CLANG_WARN_NON_LITERAL_NULL_CONVERSION = YES;
				CLANG_WARN_OBJC_IMPLICIT_RETAIN_SELF = YES;
				CLANG_WARN_OBJC_LITERAL_CONVERSION = YES;
				CLANG_WARN_OBJC_ROOT_CLASS = YES_ERROR;
				CLANG_WARN_QUOTED_INCLUDE_IN_FRAMEWORK_HEADER = YES;
				CLANG_WARN_RANGE_LOOP_ANALYSIS = YES;
				CLANG_WARN_STRICT_PROTOTYPES = YES;
				CLANG_WARN_SUSPICIOUS_MOVE = YES;
				CLANG_WARN_UNGUARDED_AVAILABILITY = YES_AGGRESSIVE;
				CLANG_WARN_UNREACHABLE_CODE = YES;
				CLANG_WARN__DUPLICATE_METHOD_MATCH = YES;
				COPY_PHASE_STRIP = NO;
				DEBUG_INFORMATION_FORMAT = dwarf;
				ENABLE_STRICT_OBJC_MSGSEND = YES;
				ENABLE_TESTABILITY = YES;
				GCC_C_LANGUAGE_STANDARD = gnu11;
				GCC_DYNAMIC_NO_PIC = NO;
				GCC_NO_COMMON_BLOCKS = YES;
				GCC_OPTIMIZATION_LEVEL = 0;
				GCC_PREPROCESSOR_DEFINITIONS = (
					"DEBUG=1",
					"$(inherited)",
				);
				GCC_WARN_64_TO_32_BIT_CONVERSION = YES;
				GCC_WARN_ABOUT_RETURN_TYPE = YES_ERROR;
				GCC_WARN_UNDECLARED_SELECTOR = YES;
				GCC_WARN_UNINITIALIZED_AUTOS = YES_AGGRESSIVE;
				GCC_WARN_UNUSED_FUNCTION = YES;
				GCC_WARN_UNUSED_VARIABLE = YES;
				IPHONEOS_DEPLOYMENT_TARGET = 14.5;
				MTL_ENABLE_DEBUG_INFO = INCLUDE_SOURCE;
				MTL_FAST_MATH = YES;
				ONLY_ACTIVE_ARCH = YES;
				SDKROOT = iphoneos;
				SWIFT_ACTIVE_COMPILATION_CONDITIONS = DEBUG;
				SWIFT_OPTIMIZATION_LEVEL = "-Onone";
			};
			name = Debug;
		};
		77EB993A2646772A00BEE3C8 /* Release */ = {
			isa = XCBuildConfiguration;
			buildSettings = {
				ALWAYS_SEARCH_USER_PATHS = NO;
				CLANG_ANALYZER_NONNULL = YES;
				CLANG_ANALYZER_NUMBER_OBJECT_CONVERSION = YES_AGGRESSIVE;
				CLANG_CXX_LANGUAGE_STANDARD = "gnu++14";
				CLANG_CXX_LIBRARY = "libc++";
				CLANG_ENABLE_MODULES = YES;
				CLANG_ENABLE_OBJC_ARC = YES;
				CLANG_ENABLE_OBJC_WEAK = YES;
				CLANG_WARN_BLOCK_CAPTURE_AUTORELEASING = YES;
				CLANG_WARN_BOOL_CONVERSION = YES;
				CLANG_WARN_COMMA = YES;
				CLANG_WARN_CONSTANT_CONVERSION = YES;
				CLANG_WARN_DEPRECATED_OBJC_IMPLEMENTATIONS = YES;
				CLANG_WARN_DIRECT_OBJC_ISA_USAGE = YES_ERROR;
				CLANG_WARN_DOCUMENTATION_COMMENTS = YES;
				CLANG_WARN_EMPTY_BODY = YES;
				CLANG_WARN_ENUM_CONVERSION = YES;
				CLANG_WARN_INFINITE_RECURSION = YES;
				CLANG_WARN_INT_CONVERSION = YES;
				CLANG_WARN_NON_LITERAL_NULL_CONVERSION = YES;
				CLANG_WARN_OBJC_IMPLICIT_RETAIN_SELF = YES;
				CLANG_WARN_OBJC_LITERAL_CONVERSION = YES;
				CLANG_WARN_OBJC_ROOT_CLASS = YES_ERROR;
				CLANG_WARN_QUOTED_INCLUDE_IN_FRAMEWORK_HEADER = YES;
				CLANG_WARN_RANGE_LOOP_ANALYSIS = YES;
				CLANG_WARN_STRICT_PROTOTYPES = YES;
				CLANG_WARN_SUSPICIOUS_MOVE = YES;
				CLANG_WARN_UNGUARDED_AVAILABILITY = YES_AGGRESSIVE;
				CLANG_WARN_UNREACHABLE_CODE = YES;
				CLANG_WARN__DUPLICATE_METHOD_MATCH = YES;
				COPY_PHASE_STRIP = NO;
				DEBUG_INFORMATION_FORMAT = "dwarf-with-dsym";
				ENABLE_NS_ASSERTIONS = NO;
				ENABLE_STRICT_OBJC_MSGSEND = YES;
				GCC_C_LANGUAGE_STANDARD = gnu11;
				GCC_NO_COMMON_BLOCKS = YES;
				GCC_WARN_64_TO_32_BIT_CONVERSION = YES;
				GCC_WARN_ABOUT_RETURN_TYPE = YES_ERROR;
				GCC_WARN_UNDECLARED_SELECTOR = YES;
				GCC_WARN_UNINITIALIZED_AUTOS = YES_AGGRESSIVE;
				GCC_WARN_UNUSED_FUNCTION = YES;
				GCC_WARN_UNUSED_VARIABLE = YES;
				IPHONEOS_DEPLOYMENT_TARGET = 14.5;
				MTL_ENABLE_DEBUG_INFO = NO;
				MTL_FAST_MATH = YES;
				SDKROOT = iphoneos;
				SWIFT_COMPILATION_MODE = wholemodule;
				SWIFT_OPTIMIZATION_LEVEL = "-O";
				VALIDATE_PRODUCT = YES;
			};
			name = Release;
		};
		77EB993C2646772A00BEE3C8 /* Debug */ = {
			isa = XCBuildConfiguration;
			buildSettings = {
				ASSETCATALOG_COMPILER_APPICON_NAME = AppIcon;
				ASSETCATALOG_COMPILER_GLOBAL_ACCENT_COLOR_NAME = AccentColor;
				CODE_SIGN_STYLE = Automatic;
				INFOPLIST_FILE = PaymentHistoryUI/Info.plist;
				LD_RUNPATH_SEARCH_PATHS = (
					"$(inherited)",
					"@executable_path/Frameworks",
				);
				PRODUCT_BUNDLE_IDENTIFIER = com.aseem.PaymentHistoryUI;
				PRODUCT_NAME = "$(TARGET_NAME)";
				SWIFT_VERSION = 5.0;
				TARGETED_DEVICE_FAMILY = "1,2";
			};
			name = Debug;
		};
		77EB993D2646772A00BEE3C8 /* Release */ = {
			isa = XCBuildConfiguration;
			buildSettings = {
				ASSETCATALOG_COMPILER_APPICON_NAME = AppIcon;
				ASSETCATALOG_COMPILER_GLOBAL_ACCENT_COLOR_NAME = AccentColor;
				CODE_SIGN_STYLE = Automatic;
				INFOPLIST_FILE = PaymentHistoryUI/Info.plist;
				LD_RUNPATH_SEARCH_PATHS = (
					"$(inherited)",
					"@executable_path/Frameworks",
				);
				PRODUCT_BUNDLE_IDENTIFIER = com.aseem.PaymentHistoryUI;
				PRODUCT_NAME = "$(TARGET_NAME)";
				SWIFT_VERSION = 5.0;
				TARGETED_DEVICE_FAMILY = "1,2";
			};
			name = Release;
		};
/* End XCBuildConfiguration section */

/* Begin XCConfigurationList section */
		77EB99222646772600BEE3C8 /* Build configuration list for PBXProject "PaymentHistoryUI" */ = {
			isa = XCConfigurationList;
			buildConfigurations = (
				77EB99392646772A00BEE3C8 /* Debug */,
				77EB993A2646772A00BEE3C8 /* Release */,
			);
			defaultConfigurationIsVisible = 0;
			defaultConfigurationName = Release;
		};
		77EB993B2646772A00BEE3C8 /* Build configuration list for PBXNativeTarget "PaymentHistoryUI" */ = {
			isa = XCConfigurationList;
			buildConfigurations = (
				77EB993C2646772A00BEE3C8 /* Debug */,
				77EB993D2646772A00BEE3C8 /* Release */,
			);
			defaultConfigurationIsVisible = 0;
			defaultConfigurationName = Release;
		};
/* End XCConfigurationList section */
	};
	rootObject = 77EB991F2646772600BEE3C8 /* Project object */;
}
